Microsoft Visual Studio Solution File, Format Version 12.00
# Visual Studio Version 17
VisualStudioVersion = 17.5.2.0
MinimumVisualStudioVersion = 10.0.40219.1
Project("{FAE04EC0-301F-11D3-BF4B-00C04F79EFBC}") = "CatalogoProdutosAPI", "CatalogoProdutosAPI.csproj", "{80B29D89-F7BE-98AA-3063-F594F3D9250D}"
EndProject
Global
	GlobalSection(SolutionConfigurationPlatforms) = preSolution
		Debug|Any CPU = Debug|Any CPU
		Release|Any CPU = Release|Any CPU
	EndGlobalSection
	GlobalSection(ProjectConfigurationPlatforms) = postSolution
		{80B29D89-F7BE-98AA-3063-F594F3D9250D}.Debug|Any CPU.ActiveCfg = Debug|Any CPU
		{80B29D89-F7BE-98AA-3063-F594F3D9250D}.Debug|Any CPU.Build.0 = Debug|Any CPU
		{80B29D89-F7BE-98AA-3063-F594F3D9250D}.Release|Any CPU.ActiveCfg = Release|Any CPU
		{80B29D89-F7BE-98AA-3063-F594F3D9250D}.Release|Any CPU.Build.0 = Release|Any CPU
	EndGlobalSection
	GlobalSection(SolutionProperties) = preSolution
		HideSolutionNode = FALSE
	EndGlobalSection
	GlobalSection(ExtensibilityGlobals) = postSolution
		SolutionGuid = {38D2EE2E-ECBC-4A83-9856-97DF8953ABAF}
	EndGlobalSection
EndGlobal
